# THIS IS AN AUTOGENERATED FILE. DO NOT EDIT THIS FILE DIRECTLY.
# yarn lockfile v1
# bun ./bun.lockb --hash: 0000000000000000-0000000000000000-0000000000000000-0000000000000000


"@dqbd/tiktoken@^1.0.22":
  version "1.0.22"
  resolved "https://registry.npmjs.org/@dqbd/tiktoken/-/tiktoken-1.0.22.tgz"
  integrity sha512-RYhO8xeHkMNX5Ixqf4M1Ve3siCYJY/dI0yLnlX4M4oIEDOvjMIQ+E+3OUpAaZcWTaMtQJzGcDAghYfllpx3i/w==

tiktoken@^1.0.22:
  version "1.0.22"
  resolved "https://registry.npmjs.org/tiktoken/-/tiktoken-1.0.22.tgz"
  integrity sha512-PKvy1rVF1RibfF3JlXBSP0Jrcw2uq3yXdgcEXtKTYn3QJ/cBRBHDnrJ5jHky+MENZ6DIPwNUGWpkVx+7joCpNA==

zod@^3.25.0:
  version "3.25.76"
  resolved "https://registry.npmjs.org/zod/-/zod-3.25.76.tgz"
  integrity sha512-gzUt/qt81nXsFGKIFcC3YnfEAx5NkunCfnDlvuBSSFS02bcXu4Lmea0AFIUwbLWxWPx3d9p8S5QoaujKcNQxcQ==
